
Microsoft Visual Studio Solution File, Format Version 12.00
# Visual Studio 15
VisualStudioVersion = 15.0.27428.2005
MinimumVisualStudioVersion = 10.0.40219.1
Project("{FAE04EC0-301F-11D3-BF4B-00C04F79EFBC}") = "Turn", "Turn\Turn.csproj", "{A2EC7FF4-1163-4962-9F17-672508C66A94}"
EndProject
Global
	GlobalSection(SolutionConfigurationPlatforms) = preSolution
		Debug|Any CPU = Debug|Any CPU
		Release|Any CPU = Release|Any CPU
	EndGlobalSection
	GlobalSection(ProjectConfigurationPlatforms) = postSolution
		{A2EC7FF4-1163-4962-9F17-672508C66A94}.Debug|Any CPU.ActiveCfg = Debug|Any CPU
		{A2EC7FF4-1163-4962-9F17-672508C66A94}.Debug|Any CPU.Build.0 = Debug|Any CPU
		{A2EC7FF4-1163-4962-9F17-672508C66A94}.Release|Any CPU.ActiveCfg = Release|Any CPU
		{A2EC7FF4-1163-4962-9F17-672508C66A94}.Release|Any CPU.Build.0 = Release|Any CPU
	EndGlobalSection
	GlobalSection(SolutionProperties) = preSolution
		HideSolutionNode = FALSE
	EndGlobalSection
	GlobalSection(ExtensibilityGlobals) = postSolution
		SolutionGuid = {69F7127C-24AF-45C5-B849-D7A3AC40B3BF}
	EndGlobalSection
EndGlobal
